// !$*UTF8*$!
{
	archiveVersion = 1;
	classes = {
	};
	objectVersion = 50;
	objects = {

/* Begin PBXBuildFile section */
		6E97E93F21C418EA00EC2A75 /* AppDelegate.swift in Sources */ = {isa = PBXBuildFile; fileRef = 6E97E93E21C418EA00EC2A75 /* AppDelegate.swift */; };
		6E97E94121C418EA00EC2A75 /* AlbumViewController.swift in Sources */ = {isa = PBXBuildFile; fileRef = 6E97E94021C418EA00EC2A75 /* AlbumViewController.swift */; };
		6E97E94421C418EA00EC2A75 /* Main.storyboard in Resources */ = {isa = PBXBuildFile; fileRef = 6E97E94221C418EA00EC2A75 /* Main.storyboard */; };
		6E97E94621C418ED00EC2A75 /* Assets.xcassets in Resources */ = {isa = PBXBuildFile; fileRef = 6E97E94521C418ED00EC2A75 /* Assets.xcassets */; };
		6E97E94921C418ED00EC2A75 /* LaunchScreen.storyboard in Resources */ = {isa = PBXBuildFile; fileRef = 6E97E94721C418ED00EC2A75 /* LaunchScreen.storyboard */; };
		6E97E95121C41B6D00EC2A75 /* Action.swift in Sources */ = {isa = PBXBuildFile; fileRef = 6E97E95021C41B6D00EC2A75 /* Action.swift */; };
		6E97E95321C41B7E00EC2A75 /* Album.swift in Sources */ = {isa = PBXBuildFile; fileRef = 6E97E95221C41B7E00EC2A75 /* Album.swift */; };
		6E97E95521C41B8D00EC2A75 /* Track.swift in Sources */ = {isa = PBXBuildFile; fileRef = 6E97E95421C41B8D00EC2A75 /* Track.swift */; };
		6E97E95721C41BE400EC2A75 /* AlbumInfoCell.swift in Sources */ = {isa = PBXBuildFile; fileRef = 6E97E95621C41BE400EC2A75 /* AlbumInfoCell.swift */; };
		6E97E95921C41DEF00EC2A75 /* Helpers.swift in Sources */ = {isa = PBXBuildFile; fileRef = 6E97E95821C41DEF00EC2A75 /* Helpers.swift */; };
		6E97E95B21C4216700EC2A75 /* AlbumActionCell.swift in Sources */ = {isa = PBXBuildFile; fileRef = 6E97E95A21C4216700EC2A75 /* AlbumActionCell.swift */; };
		6E97E95D21C4217100EC2A75 /* AlbumTrackCell.swift in Sources */ = {isa = PBXBuildFile; fileRef = 6E97E95C21C4217100EC2A75 /* AlbumTrackCell.swift */; };
		6E97E96121C42F7200EC2A75 /* SampleAlbum.plist in Resources */ = {isa = PBXBuildFile; fileRef = 6E97E96021C42F7200EC2A75 /* SampleAlbum.plist */; };
/* End PBXBuildFile section */

/* Begin PBXFileReference section */
		6E97E93B21C418EA00EC2A75 /* NeatDataSources.app */ = {isa = PBXFileReference; explicitFileType = wrapper.application; includeInIndex = 0; path = NeatDataSources.app; sourceTree = BUILT_PRODUCTS_DIR; };
		6E97E93E21C418EA00EC2A75 /* AppDelegate.swift */ = {isa = PBXFileReference; lastKnownFileType = sourcecode.swift; path = AppDelegate.swift; sourceTree = "<group>"; };
		6E97E94021C418EA00EC2A75 /* AlbumViewController.swift */ = {isa = PBXFileReference; lastKnownFileType = sourcecode.swift; path = AlbumViewController.swift; sourceTree = "<group>"; };
		6E97E94321C418EA00EC2A75 /* Base */ = {isa = PBXFileReference; lastKnownFileType = file.storyboard; name = Base; path = Base.lproj/Main.storyboard; sourceTree = "<group>"; };
		6E97E94521C418ED00EC2A75 /* Assets.xcassets */ = {isa = PBXFileReference; lastKnownFileType = folder.assetcatalog; path = Assets.xcassets; sourceTree = "<group>"; };
		6E97E94821C418ED00EC2A75 /* Base */ = {isa = PBXFileReference; lastKnownFileType = file.storyboard; name = Base; path = Base.lproj/LaunchScreen.storyboard; sourceTree = "<group>"; };
		6E97E94A21C418ED00EC2A75 /* Info.plist */ = {isa = PBXFileReference; lastKnownFileType = text.plist.xml; path = Info.plist; sourceTree = "<group>"; };
		6E97E95021C41B6D00EC2A75 /* Action.swift */ = {isa = PBXFileReference; lastKnownFileType = sourcecode.swift; path = Action.swift; sourceTree = "<group>"; };
		6E97E95221C41B7E00EC2A75 /* Album.swift */ = {isa = PBXFileReference; lastKnownFileType = sourcecode.swift; path = Album.swift; sourceTree = "<group>"; };
		6E97E95421C41B8D00EC2A75 /* Track.swift */ = {isa = PBXFileReference; lastKnownFileType = sourcecode.swift; path = Track.swift; sourceTree = "<group>"; };
		6E97E95621C41BE400EC2A75 /* AlbumInfoCell.swift */ = {isa = PBXFileReference; lastKnownFileType = sourcecode.swift; path = AlbumInfoCell.swift; sourceTree = "<group>"; };
		6E97E95821C41DEF00EC2A75 /* Helpers.swift */ = {isa = PBXFileReference; lastKnownFileType = sourcecode.swift; path = Helpers.swift; sourceTree = "<group>"; };
		6E97E95A21C4216700EC2A75 /* AlbumActionCell.swift */ = {isa = PBXFileReference; lastKnownFileType = sourcecode.swift; path = AlbumActionCell.swift; sourceTree = "<group>"; };
		6E97E95C21C4217100EC2A75 /* AlbumTrackCell.swift */ = {isa = PBXFileReference; lastKnownFileType = sourcecode.swift; path = AlbumTrackCell.swift; sourceTree = "<group>"; };
		6E97E96021C42F7200EC2A75 /* SampleAlbum.plist */ = {isa = PBXFileReference; lastKnownFileType = text.plist.xml; path = SampleAlbum.plist; sourceTree = "<group>"; };
/* End PBXFileReference section */

/* Begin PBXFrameworksBuildPhase section */
		6E97E93821C418EA00EC2A75 /* Frameworks */ = {
			isa = PBXFrameworksBuildPhase;
			buildActionMask = 2147483647;
			files = (
			);
			runOnlyForDeploymentPostprocessing = 0;
		};
/* End PBXFrameworksBuildPhase section */

/* Begin PBXGroup section */
		6E97E93221C418EA00EC2A75 = {
			isa = PBXGroup;
			children = (
				6E97E93D21C418EA00EC2A75 /* NeatDataSources */,
				6E97E93C21C418EA00EC2A75 /* Products */,
			);
			sourceTree = "<group>";
		};
		6E97E93C21C418EA00EC2A75 /* Products */ = {
			isa = PBXGroup;
			children = (
				6E97E93B21C418EA00EC2A75 /* NeatDataSources.app */,
			);
			name = Products;
			sourceTree = "<group>";
		};
		6E97E93D21C418EA00EC2A75 /* NeatDataSources */ = {
			isa = PBXGroup;
			children = (
				6E97E93E21C418EA00EC2A75 /* AppDelegate.swift */,
				6E97E94021C418EA00EC2A75 /* AlbumViewController.swift */,
				6E97E95821C41DEF00EC2A75 /* Helpers.swift */,
				6E97E95F21C42B4E00EC2A75 /* Cells */,
				6E97E95E21C42B3E00EC2A75 /* Model */,
				6E97E94221C418EA00EC2A75 /* Main.storyboard */,
				6E97E94521C418ED00EC2A75 /* Assets.xcassets */,
				6E97E94721C418ED00EC2A75 /* LaunchScreen.storyboard */,
				6E97E94A21C418ED00EC2A75 /* Info.plist */,
				6E97E96021C42F7200EC2A75 /* SampleAlbum.plist */,
			);
			path = NeatDataSources;
			sourceTree = "<group>";
		};
		6E97E95E21C42B3E00EC2A75 /* Model */ = {
			isa = PBXGroup;
			children = (
				6E97E95221C41B7E00EC2A75 /* Album.swift */,
				6E97E95421C41B8D00EC2A75 /* Track.swift */,
				6E97E95021C41B6D00EC2A75 /* Action.swift */,
			);
			path = Model;
			sourceTree = "<group>";
		};
		6E97E95F21C42B4E00EC2A75 /* Cells */ = {
			isa = PBXGroup;
			children = (
				6E97E95621C41BE400EC2A75 /* AlbumInfoCell.swift */,
				6E97E95C21C4217100EC2A75 /* AlbumTrackCell.swift */,
				6E97E95A21C4216700EC2A75 /* AlbumActionCell.swift */,
			);
			path = Cells;
			sourceTree = "<group>";
		};
/* End PBXGroup section */

/* Begin PBXNativeTarget section */
		6E97E93A21C418EA00EC2A75 /* NeatDataSources */ = {
			isa = PBXNativeTarget;
			buildConfigurationList = 6E97E94D21C418ED00EC2A75 /* Build configuration list for PBXNativeTarget "NeatDataSources" */;
			buildPhases = (
				6E97E93721C418EA00EC2A75 /* Sources */,
				6E97E93821C418EA00EC2A75 /* Frameworks */,
				6E97E93921C418EA00EC2A75 /* Resources */,
			);
			buildRules = (
			);
			dependencies = (
			);
			name = NeatDataSources;
			productName = NeatDataSources;
			productReference = 6E97E93B21C418EA00EC2A75 /* NeatDataSources.app */;
			productType = "com.apple.product-type.application";
		};
/* End PBXNativeTarget section */

/* Begin PBXProject section */
		6E97E93321C418EA00EC2A75 /* Project object */ = {
			isa = PBXProject;
			attributes = {
				LastSwiftUpdateCheck = 1010;
				LastUpgradeCheck = 1010;
				ORGANIZATIONNAME = "Pablo Villar";
				TargetAttributes = {
					6E97E93A21C418EA00EC2A75 = {
						CreatedOnToolsVersion = 10.1;
					};
				};
			};
			buildConfigurationList = 6E97E93621C418EA00EC2A75 /* Build configuration list for PBXProject "NeatDataSources" */;
			compatibilityVersion = "Xcode 9.3";
			developmentRegion = en;
			hasScannedForEncodings = 0;
			knownRegions = (
				en,
				Base,
			);
			mainGroup = 6E97E93221C418EA00EC2A75;
			productRefGroup = 6E97E93C21C418EA00EC2A75 /* Products */;
			projectDirPath = "";
			projectRoot = "";
			targets = (
				6E97E93A21C418EA00EC2A75 /* NeatDataSources */,
			);
		};
/* End PBXProject section */

/* Begin PBXResourcesBuildPhase section */
		6E97E93921C418EA00EC2A75 /* Resources */ = {
			isa = PBXResourcesBuildPhase;
			buildActionMask = 2147483647;
			files = (
				6E97E94921C418ED00EC2A75 /* LaunchScreen.storyboard in Resources */,
				6E97E94621C418ED00EC2A75 /* Assets.xcassets in Resources */,
				6E97E96121C42F7200EC2A75 /* SampleAlbum.plist in Resources */,
				6E97E94421C418EA00EC2A75 /* Main.storyboard in Resources */,
			);
			runOnlyForDeploymentPostprocessing = 0;
		};
/* End PBXResourcesBuildPhase section */

/* Begin PBXSourcesBuildPhase section */
		6E97E93721C418EA00EC2A75 /* Sources */ = {
			isa = PBXSourcesBuildPhase;
			buildActionMask = 2147483647;
			files = (
				6E97E95121C41B6D00EC2A75 /* Action.swift in Sources */,
				6E97E95921C41DEF00EC2A75 /* Helpers.swift in Sources */,
				6E97E94121C418EA00EC2A75 /* AlbumViewController.swift in Sources */,
				6E97E93F21C418EA00EC2A75 /* AppDelegate.swift in Sources */,
				6E97E95D21C4217100EC2A75 /* AlbumTrackCell.swift in Sources */,
				6E97E95721C41BE400EC2A75 /* AlbumInfoCell.swift in Sources */,
				6E97E95321C41B7E00EC2A75 /* Album.swift in Sources */,
				6E97E95521C41B8D00EC2A75 /* Track.swift in Sources */,
				6E97E95B21C4216700EC2A75 /* AlbumActionCell.swift in Sources */,
			);
			runOnlyForDeploymentPostprocessing = 0;
		};
/* End PBXSourcesBuildPhase section */

/* Begin PBXVariantGroup section */
		6E97E94221C418EA00EC2A75 /* Main.storyboard */ = {
			isa = PBXVariantGroup;
			children = (
				6E97E94321C418EA00EC2A75 /* Base */,
			);
			name = Main.storyboard;
			sourceTree = "<group>";
		};
		6E97E94721C418ED00EC2A75 /* LaunchScreen.storyboard */ = {
			isa = PBXVariantGroup;
			children = (
				6E97E94821C418ED00EC2A75 /* Base */,
			);
			name = LaunchScreen.storyboard;
			sourceTree = "<group>";
		};
/* End PBXVariantGroup section */

/* Begin XCBuildConfiguration section */
		6E97E94B21C418ED00EC2A75 /* Debug */ = {
			isa = XCBuildConfiguration;
			buildSettings = {
				ALWAYS_SEARCH_USER_PATHS = NO;
				CLANG_ANALYZER_NONNULL = YES;
				CLANG_ANALYZER_NUMBER_OBJECT_CONVERSION = YES_AGGRESSIVE;
				CLANG_CXX_LANGUAGE_STANDARD = "gnu++14";
				CLANG_CXX_LIBRARY = "libc++";
				CLANG_ENABLE_MODULES = YES;
				CLANG_ENABLE_OBJC_ARC = YES;
				CLANG_ENABLE_OBJC_WEAK = YES;
				CLANG_WARN_BLOCK_CAPTURE_AUTORELEASING = YES;
				CLANG_WARN_BOOL_CONVERSION = YES;
				CLANG_WARN_COMMA = YES;
				CLANG_WARN_CONSTANT_CONVERSION = YES;
				CLANG_WARN_DEPRECATED_OBJC_IMPLEMENTATIONS = YES;
				CLANG_WARN_DIRECT_OBJC_ISA_USAGE = YES_ERROR;
				CLANG_WARN_DOCUMENTATION_COMMENTS = YES;
				CLANG_WARN_EMPTY_BODY = YES;
				CLANG_WARN_ENUM_CONVERSION = YES;
				CLANG_WARN_INFINITE_RECURSION = YES;
				CLANG_WARN_INT_CONVERSION = YES;
				CLANG_WARN_NON_LITERAL_NULL_CONVERSION = YES;
				CLANG_WARN_OBJC_IMPLICIT_RETAIN_SELF = YES;
				CLANG_WARN_OBJC_LITERAL_CONVERSION = YES;
				CLANG_WARN_OBJC_ROOT_CLASS = YES_ERROR;
				CLANG_WARN_RANGE_LOOP_ANALYSIS = YES;
				CLANG_WARN_STRICT_PROTOTYPES = YES;
				CLANG_WARN_SUSPICIOUS_MOVE = YES;
				CLANG_WARN_UNGUARDED_AVAILABILITY = YES_AGGRESSIVE;
				CLANG_WARN_UNREACHABLE_CODE = YES;
				CLANG_WARN__DUPLICATE_METHOD_MATCH = YES;
				CODE_SIGN_IDENTITY = "iPhone Developer";
				COPY_PHASE_STRIP = NO;
				DEBUG_INFORMATION_FORMAT = dwarf;
				ENABLE_STRICT_OBJC_MSGSEND = YES;
				ENABLE_TESTABILITY = YES;
				GCC_C_LANGUAGE_STANDARD = gnu11;
				GCC_DYNAMIC_NO_PIC = NO;
				GCC_NO_COMMON_BLOCKS = YES;
				GCC_OPTIMIZATION_LEVEL = 0;
				GCC_PREPROCESSOR_DEFINITIONS = (
					"DEBUG=1",
					"$(inherited)",
				);
				GCC_WARN_64_TO_32_BIT_CONVERSION = YES;
				GCC_WARN_ABOUT_RETURN_TYPE = YES_ERROR;
				GCC_WARN_UNDECLARED_SELECTOR = YES;
				GCC_WARN_UNINITIALIZED_AUTOS = YES_AGGRESSIVE;
				GCC_WARN_UNUSED_FUNCTION = YES;
				GCC_WARN_UNUSED_VARIABLE = YES;
				IPHONEOS_DEPLOYMENT_TARGET = 12.1;
				MTL_ENABLE_DEBUG_INFO = INCLUDE_SOURCE;
				MTL_FAST_MATH = YES;
				ONLY_ACTIVE_ARCH = YES;
				SDKROOT = iphoneos;
				SWIFT_ACTIVE_COMPILATION_CONDITIONS = DEBUG;
				SWIFT_OPTIMIZATION_LEVEL = "-Onone";
			};
			name = Debug;
		};
		6E97E94C21C418ED00EC2A75 /* Release */ = {
			isa = XCBuildConfiguration;
			buildSettings = {
				ALWAYS_SEARCH_USER_PATHS = NO;
				CLANG_ANALYZER_NONNULL = YES;
				CLANG_ANALYZER_NUMBER_OBJECT_CONVERSION = YES_AGGRESSIVE;
				CLANG_CXX_LANGUAGE_STANDARD = "gnu++14";
				CLANG_CXX_LIBRARY = "libc++";
				CLANG_ENABLE_MODULES = YES;
				CLANG_ENABLE_OBJC_ARC = YES;
				CLANG_ENABLE_OBJC_WEAK = YES;
				CLANG_WARN_BLOCK_CAPTURE_AUTORELEASING = YES;
				CLANG_WARN_BOOL_CONVERSION = YES;
				CLANG_WARN_COMMA = YES;
				CLANG_WARN_CONSTANT_CONVERSION = YES;
				CLANG_WARN_DEPRECATED_OBJC_IMPLEMENTATIONS = YES;
				CLANG_WARN_DIRECT_OBJC_ISA_USAGE = YES_ERROR;
				CLANG_WARN_DOCUMENTATION_COMMENTS = YES;
				CLANG_WARN_EMPTY_BODY = YES;
				CLANG_WARN_ENUM_CONVERSION = YES;
				CLANG_WARN_INFINITE_RECURSION = YES;
				CLANG_WARN_INT_CONVERSION = YES;
				CLANG_WARN_NON_LITERAL_NULL_CONVERSION = YES;
				CLANG_WARN_OBJC_IMPLICIT_RETAIN_SELF = YES;
				CLANG_WARN_OBJC_LITERAL_CONVERSION = YES;
				CLANG_WARN_OBJC_ROOT_CLASS = YES_ERROR;
				CLANG_WARN_RANGE_LOOP_ANALYSIS = YES;
				CLANG_WARN_STRICT_PROTOTYPES = YES;
				CLANG_WARN_SUSPICIOUS_MOVE = YES;
				CLANG_WARN_UNGUARDED_AVAILABILITY = YES_AGGRESSIVE;
				CLANG_WARN_UNREACHABLE_CODE = YES;
				CLANG_WARN__DUPLICATE_METHOD_MATCH = YES;
				CODE_SIGN_IDENTITY = "iPhone Developer";
				COPY_PHASE_STRIP = NO;
				DEBUG_INFORMATION_FORMAT = "dwarf-with-dsym";
				ENABLE_NS_ASSERTIONS = NO;
				ENABLE_STRICT_OBJC_MSGSEND = YES;
				GCC_C_LANGUAGE_STANDARD = gnu11;
				GCC_NO_COMMON_BLOCKS = YES;
				GCC_WARN_64_TO_32_BIT_CONVERSION = YES;
				GCC_WARN_ABOUT_RETURN_TYPE = YES_ERROR;
				GCC_WARN_UNDECLARED_SELECTOR = YES;
				GCC_WARN_UNINITIALIZED_AUTOS = YES_AGGRESSIVE;
				GCC_WARN_UNUSED_FUNCTION = YES;
				GCC_WARN_UNUSED_VARIABLE = YES;
				IPHONEOS_DEPLOYMENT_TARGET = 12.1;
				MTL_ENABLE_DEBUG_INFO = NO;
				MTL_FAST_MATH = YES;
				SDKROOT = iphoneos;
				SWIFT_COMPILATION_MODE = wholemodule;
				SWIFT_OPTIMIZATION_LEVEL = "-O";
				VALIDATE_PRODUCT = YES;
			};
			name = Release;
		};
		6E97E94E21C418ED00EC2A75 /* Debug */ = {
			isa = XCBuildConfiguration;
			buildSettings = {
				ASSETCATALOG_COMPILER_APPICON_NAME = AppIcon;
				CODE_SIGN_IDENTITY = "iPhone Developer";
				CODE_SIGN_STYLE = Manual;
				DEVELOPMENT_TEAM = "";
				INFOPLIST_FILE = NeatDataSources/Info.plist;
				LD_RUNPATH_SEARCH_PATHS = (
					"$(inherited)",
					"@executable_path/Frameworks",
				);
				PRODUCT_BUNDLE_IDENTIFIER = volbap.NeatDataSources;
				PRODUCT_NAME = "$(TARGET_NAME)";
				PROVISIONING_PROFILE_SPECIFIER = "";
				SWIFT_VERSION = 4.2;
				TARGETED_DEVICE_FAMILY = "1,2";
			};
			name = Debug;
		};
		6E97E94F21C418ED00EC2A75 /* Release */ = {
			isa = XCBuildConfiguration;
			buildSettings = {
				ASSETCATALOG_COMPILER_APPICON_NAME = AppIcon;
				CODE_SIGN_IDENTITY = "iPhone Developer";
				CODE_SIGN_STYLE = Manual;
				DEVELOPMENT_TEAM = "";
				INFOPLIST_FILE = NeatDataSources/Info.plist;
				LD_RUNPATH_SEARCH_PATHS = (
					"$(inherited)",
					"@executable_path/Frameworks",
				);
				PRODUCT_BUNDLE_IDENTIFIER = volbap.NeatDataSources;
				PRODUCT_NAME = "$(TARGET_NAME)";
				PROVISIONING_PROFILE_SPECIFIER = "";
				SWIFT_VERSION = 4.2;
				TARGETED_DEVICE_FAMILY = "1,2";
			};
			name = Release;
		};
/* End XCBuildConfiguration section */

/* Begin XCConfigurationList section */
		6E97E93621C418EA00EC2A75 /* Build configuration list for PBXProject "NeatDataSources" */ = {
			isa = XCConfigurationList;
			buildConfigurations = (
				6E97E94B21C418ED00EC2A75 /* Debug */,
				6E97E94C21C418ED00EC2A75 /* Release */,
			);
			defaultConfigurationIsVisible = 0;
			defaultConfigurationName = Release;
		};
		6E97E94D21C418ED00EC2A75 /* Build configuration list for PBXNativeTarget "NeatDataSources" */ = {
			isa = XCConfigurationList;
			buildConfigurations = (
				6E97E94E21C418ED00EC2A75 /* Debug */,
				6E97E94F21C418ED00EC2A75 /* Release */,
			);
			defaultConfigurationIsVisible = 0;
			defaultConfigurationName = Release;
		};
/* End XCConfigurationList section */
	};
	rootObject = 6E97E93321C418EA00EC2A75 /* Project object */;
}
